
Microsoft Visual Studio Solution File, Format Version 12.00
# Visual Studio Version 17
VisualStudioVersion = 17.8.34330.188
MinimumVisualStudioVersion = 10.0.40219.1
Project("{FAE04EC0-301F-11D3-BF4B-00C04F79EFBC}") = "Spotivy", "Spotivy.csproj", "{D4E53966-EE25-4285-86C0-7AA5C7FF01DC}"
EndProject
Global
	GlobalSection(SolutionConfigurationPlatforms) = preSolution
		Debug|Any CPU = Debug|Any CPU
		Release|Any CPU = Release|Any CPU
	EndGlobalSection
	GlobalSection(ProjectConfigurationPlatforms) = postSolution
		{D4E53966-EE25-4285-86C0-7AA5C7FF01DC}.Debug|Any CPU.ActiveCfg = Debug|Any CPU
		{D4E53966-EE25-4285-86C0-7AA5C7FF01DC}.Debug|Any CPU.Build.0 = Debug|Any CPU
		{D4E53966-EE25-4285-86C0-7AA5C7FF01DC}.Release|Any CPU.ActiveCfg = Release|Any CPU
		{D4E53966-EE25-4285-86C0-7AA5C7FF01DC}.Release|Any CPU.Build.0 = Release|Any CPU
	EndGlobalSection
	GlobalSection(SolutionProperties) = preSolution
		HideSolutionNode = FALSE
	EndGlobalSection
	GlobalSection(ExtensibilityGlobals) = postSolution
		SolutionGuid = {BE5CBCD5-631C-4A27-8944-0ABFBE52EA85}
	EndGlobalSection
EndGlobal
